
Microsoft Visual Studio Solution File, Format Version 12.00
# Visual Studio Version 17
VisualStudioVersion = 17.8.34408.163
MinimumVisualStudioVersion = 10.0.40219.1
Project("{9A19103F-16F7-4668-BE54-9A1E7A4F7556}") = "lab_1", "lab_1_\lab_1.csproj", "{B8278A7E-6ADA-4489-841F-3D5550F79DD3}"
EndProject
Global
	GlobalSection(SolutionConfigurationPlatforms) = preSolution
		Debug|Any CPU = Debug|Any CPU
		Release|Any CPU = Release|Any CPU
	EndGlobalSection
	GlobalSection(ProjectConfigurationPlatforms) = postSolution
		{B8278A7E-6ADA-4489-841F-3D5550F79DD3}.Debug|Any CPU.ActiveCfg = Debug|Any CPU
		{B8278A7E-6ADA-4489-841F-3D5550F79DD3}.Debug|Any CPU.Build.0 = Debug|Any CPU
		{B8278A7E-6ADA-4489-841F-3D5550F79DD3}.Release|Any CPU.ActiveCfg = Release|Any CPU
		{B8278A7E-6ADA-4489-841F-3D5550F79DD3}.Release|Any CPU.Build.0 = Release|Any CPU
	EndGlobalSection
	GlobalSection(SolutionProperties) = preSolution
		HideSolutionNode = FALSE
	EndGlobalSection
	GlobalSection(ExtensibilityGlobals) = postSolution
		SolutionGuid = {5E719995-E8D4-41CC-94A1-59336B903C3F}
	EndGlobalSection
EndGlobal
